
Microsoft Visual Studio Solution File, Format Version 12.00
# Visual Studio Version 17
VisualStudioVersion = 17.4.33205.214
MinimumVisualStudioVersion = 10.0.40219.1
Project("{FAE04EC0-301F-11D3-BF4B-00C04F79EFBC}") = "bos2", "bos2\bos2.csproj", "{7DF944E8-AC2F-4036-82CD-9295D9FBFC03}"
EndProject
Global
	GlobalSection(SolutionConfigurationPlatforms) = preSolution
		Debug|Any CPU = Debug|Any CPU
		Release|Any CPU = Release|Any CPU
	EndGlobalSection
	GlobalSection(ProjectConfigurationPlatforms) = postSolution
		{7DF944E8-AC2F-4036-82CD-9295D9FBFC03}.Debug|Any CPU.ActiveCfg = Debug|Any CPU
		{7DF944E8-AC2F-4036-82CD-9295D9FBFC03}.Debug|Any CPU.Build.0 = Debug|Any CPU
		{7DF944E8-AC2F-4036-82CD-9295D9FBFC03}.Release|Any CPU.ActiveCfg = Release|Any CPU
		{7DF944E8-AC2F-4036-82CD-9295D9FBFC03}.Release|Any CPU.Build.0 = Release|Any CPU
	EndGlobalSection
	GlobalSection(SolutionProperties) = preSolution
		HideSolutionNode = FALSE
	EndGlobalSection
	GlobalSection(ExtensibilityGlobals) = postSolution
		SolutionGuid = {6687ADE2-AF11-4854-9E61-F89B40062139}
	EndGlobalSection
EndGlobal
